
Microsoft Visual Studio Solution File, Format Version 12.00
# Visual Studio Version 16
VisualStudioVersion = 16.0.29709.97
MinimumVisualStudioVersion = 15.0.26124.0
Project("{9A19103F-16F7-4668-BE54-9A1E7A4F7556}") = "NAspNet", "NAspNet\NAspNet.csproj", "{5E315781-FF7D-4E29-80A7-654E32D53375}"
EndProject
Project("{2150E333-8FDC-42A3-9474-1A3956D46DE8}") = "Solution Items", "Solution Items", "{4A071B7A-8100-4DFC-84C0-0F4B465B8E5E}"
	ProjectSection(SolutionItems) = preProject
		LICENSE.md = LICENSE.md
		push.cmd = push.cmd
		README-CN.md = README-CN.md
		README.md = README.md
	EndProjectSection
EndProject
Project("{FAE04EC0-301F-11D3-BF4B-00C04F79EFBC}") = "NAspNet.Test", "NAspNet.Test\NAspNet.Test.csproj", "{D71C8A31-5DA2-4369-A2FD-B124C0475F4F}"
EndProject
Project("{FAE04EC0-301F-11D3-BF4B-00C04F79EFBC}") = "NAspNet.Preview", "NAspNet.Preview\NAspNet.Preview.csproj", "{D5EBA2A8-0089-4C71-9F5F-0632862D2D99}"
EndProject
Global
	GlobalSection(SolutionConfigurationPlatforms) = preSolution
		Debug|Any CPU = Debug|Any CPU
		Debug|x64 = Debug|x64
		Debug|x86 = Debug|x86
		Release|Any CPU = Release|Any CPU
		Release|x64 = Release|x64
		Release|x86 = Release|x86
	EndGlobalSection
	GlobalSection(ProjectConfigurationPlatforms) = postSolution
		{5E315781-FF7D-4E29-80A7-654E32D53375}.Debug|Any CPU.ActiveCfg = Debug|Any CPU
		{5E315781-FF7D-4E29-80A7-654E32D53375}.Debug|Any CPU.Build.0 = Debug|Any CPU
		{5E315781-FF7D-4E29-80A7-654E32D53375}.Debug|x64.ActiveCfg = Debug|Any CPU
		{5E315781-FF7D-4E29-80A7-654E32D53375}.Debug|x64.Build.0 = Debug|Any CPU
		{5E315781-FF7D-4E29-80A7-654E32D53375}.Debug|x86.ActiveCfg = Debug|Any CPU
		{5E315781-FF7D-4E29-80A7-654E32D53375}.Debug|x86.Build.0 = Debug|Any CPU
		{5E315781-FF7D-4E29-80A7-654E32D53375}.Release|Any CPU.ActiveCfg = Release|Any CPU
		{5E315781-FF7D-4E29-80A7-654E32D53375}.Release|Any CPU.Build.0 = Release|Any CPU
		{5E315781-FF7D-4E29-80A7-654E32D53375}.Release|x64.ActiveCfg = Release|Any CPU
		{5E315781-FF7D-4E29-80A7-654E32D53375}.Release|x64.Build.0 = Release|Any CPU
		{5E315781-FF7D-4E29-80A7-654E32D53375}.Release|x86.ActiveCfg = Release|Any CPU
		{5E315781-FF7D-4E29-80A7-654E32D53375}.Release|x86.Build.0 = Release|Any CPU
		{D71C8A31-5DA2-4369-A2FD-B124C0475F4F}.Debug|Any CPU.ActiveCfg = Debug|Any CPU
		{D71C8A31-5DA2-4369-A2FD-B124C0475F4F}.Debug|Any CPU.Build.0 = Debug|Any CPU
		{D71C8A31-5DA2-4369-A2FD-B124C0475F4F}.Debug|x64.ActiveCfg = Debug|Any CPU
		{D71C8A31-5DA2-4369-A2FD-B124C0475F4F}.Debug|x64.Build.0 = Debug|Any CPU
		{D71C8A31-5DA2-4369-A2FD-B124C0475F4F}.Debug|x86.ActiveCfg = Debug|Any CPU
		{D71C8A31-5DA2-4369-A2FD-B124C0475F4F}.Debug|x86.Build.0 = Debug|Any CPU
		{D71C8A31-5DA2-4369-A2FD-B124C0475F4F}.Release|Any CPU.ActiveCfg = Release|Any CPU
		{D71C8A31-5DA2-4369-A2FD-B124C0475F4F}.Release|Any CPU.Build.0 = Release|Any CPU
		{D71C8A31-5DA2-4369-A2FD-B124C0475F4F}.Release|x64.ActiveCfg = Release|Any CPU
		{D71C8A31-5DA2-4369-A2FD-B124C0475F4F}.Release|x64.Build.0 = Release|Any CPU
		{D71C8A31-5DA2-4369-A2FD-B124C0475F4F}.Release|x86.ActiveCfg = Release|Any CPU
		{D71C8A31-5DA2-4369-A2FD-B124C0475F4F}.Release|x86.Build.0 = Release|Any CPU
		{D5EBA2A8-0089-4C71-9F5F-0632862D2D99}.Debug|Any CPU.ActiveCfg = Debug|Any CPU
		{D5EBA2A8-0089-4C71-9F5F-0632862D2D99}.Debug|Any CPU.Build.0 = Debug|Any CPU
		{D5EBA2A8-0089-4C71-9F5F-0632862D2D99}.Debug|x64.ActiveCfg = Debug|Any CPU
		{D5EBA2A8-0089-4C71-9F5F-0632862D2D99}.Debug|x64.Build.0 = Debug|Any CPU
		{D5EBA2A8-0089-4C71-9F5F-0632862D2D99}.Debug|x86.ActiveCfg = Debug|Any CPU
		{D5EBA2A8-0089-4C71-9F5F-0632862D2D99}.Debug|x86.Build.0 = Debug|Any CPU
		{D5EBA2A8-0089-4C71-9F5F-0632862D2D99}.Release|Any CPU.ActiveCfg = Release|Any CPU
		{D5EBA2A8-0089-4C71-9F5F-0632862D2D99}.Release|Any CPU.Build.0 = Release|Any CPU
		{D5EBA2A8-0089-4C71-9F5F-0632862D2D99}.Release|x64.ActiveCfg = Release|Any CPU
		{D5EBA2A8-0089-4C71-9F5F-0632862D2D99}.Release|x64.Build.0 = Release|Any CPU
		{D5EBA2A8-0089-4C71-9F5F-0632862D2D99}.Release|x86.ActiveCfg = Release|Any CPU
		{D5EBA2A8-0089-4C71-9F5F-0632862D2D99}.Release|x86.Build.0 = Release|Any CPU
	EndGlobalSection
	GlobalSection(SolutionProperties) = preSolution
		HideSolutionNode = FALSE
	EndGlobalSection
	GlobalSection(ExtensibilityGlobals) = postSolution
		SolutionGuid = {4DF05E9B-5CE6-4A97-9F94-9C7C3539177C}
	EndGlobalSection
EndGlobal
